
Microsoft Visual Studio Solution File, Format Version 12.00
# Visual Studio 14
VisualStudioVersion = 14.0.25420.1
MinimumVisualStudioVersion = 10.0.40219.1
Project("{8BC9CEB8-8B4A-11D0-8D11-00A0C91BC942}") = "ComposicionMusicales", "ComposicionMusicales\ComposicionMusicales.vcxproj", "{09A3FCEB-7DAA-4D95-8915-EFAC932B4A5D}"
EndProject
Project("{8BC9CEB8-8B4A-11D0-8D11-00A0C91BC942}") = "ArreglosDinamicos", "ArreglosDinamicos\ArreglosDinamicos.vcxproj", "{2DDC7733-1AB7-4FB1-AC5E-9080A05F3CD3}"
EndProject
Project("{8BC9CEB8-8B4A-11D0-8D11-00A0C91BC942}") = "Universidades", "Universidades\Universidades.vcxproj", "{4E796C50-F7C5-4DBB-A837-A5235C16A994}"
EndProject
Global
	GlobalSection(SolutionConfigurationPlatforms) = preSolution
		Debug|x64 = Debug|x64
		Debug|x86 = Debug|x86
		Release|x64 = Release|x64
		Release|x86 = Release|x86
	EndGlobalSection
	GlobalSection(ProjectConfigurationPlatforms) = postSolution
		{09A3FCEB-7DAA-4D95-8915-EFAC932B4A5D}.Debug|x64.ActiveCfg = Debug|x64
		{09A3FCEB-7DAA-4D95-8915-EFAC932B4A5D}.Debug|x64.Build.0 = Debug|x64
		{09A3FCEB-7DAA-4D95-8915-EFAC932B4A5D}.Debug|x86.ActiveCfg = Debug|Win32
		{09A3FCEB-7DAA-4D95-8915-EFAC932B4A5D}.Debug|x86.Build.0 = Debug|Win32
		{09A3FCEB-7DAA-4D95-8915-EFAC932B4A5D}.Release|x64.ActiveCfg = Release|x64
		{09A3FCEB-7DAA-4D95-8915-EFAC932B4A5D}.Release|x64.Build.0 = Release|x64
		{09A3FCEB-7DAA-4D95-8915-EFAC932B4A5D}.Release|x86.ActiveCfg = Release|Win32
		{09A3FCEB-7DAA-4D95-8915-EFAC932B4A5D}.Release|x86.Build.0 = Release|Win32
		{2DDC7733-1AB7-4FB1-AC5E-9080A05F3CD3}.Debug|x64.ActiveCfg = Debug|x64
		{2DDC7733-1AB7-4FB1-AC5E-9080A05F3CD3}.Debug|x64.Build.0 = Debug|x64
		{2DDC7733-1AB7-4FB1-AC5E-9080A05F3CD3}.Debug|x86.ActiveCfg = Debug|Win32
		{2DDC7733-1AB7-4FB1-AC5E-9080A05F3CD3}.Debug|x86.Build.0 = Debug|Win32
		{2DDC7733-1AB7-4FB1-AC5E-9080A05F3CD3}.Release|x64.ActiveCfg = Release|x64
		{2DDC7733-1AB7-4FB1-AC5E-9080A05F3CD3}.Release|x64.Build.0 = Release|x64
		{2DDC7733-1AB7-4FB1-AC5E-9080A05F3CD3}.Release|x86.ActiveCfg = Release|Win32
		{2DDC7733-1AB7-4FB1-AC5E-9080A05F3CD3}.Release|x86.Build.0 = Release|Win32
		{4E796C50-F7C5-4DBB-A837-A5235C16A994}.Debug|x64.ActiveCfg = Debug|x64
		{4E796C50-F7C5-4DBB-A837-A5235C16A994}.Debug|x64.Build.0 = Debug|x64
		{4E796C50-F7C5-4DBB-A837-A5235C16A994}.Debug|x86.ActiveCfg = Debug|Win32
		{4E796C50-F7C5-4DBB-A837-A5235C16A994}.Debug|x86.Build.0 = Debug|Win32
		{4E796C50-F7C5-4DBB-A837-A5235C16A994}.Release|x64.ActiveCfg = Release|x64
		{4E796C50-F7C5-4DBB-A837-A5235C16A994}.Release|x64.Build.0 = Release|x64
		{4E796C50-F7C5-4DBB-A837-A5235C16A994}.Release|x86.ActiveCfg = Release|Win32
		{4E796C50-F7C5-4DBB-A837-A5235C16A994}.Release|x86.Build.0 = Release|Win32
	EndGlobalSection
	GlobalSection(SolutionProperties) = preSolution
		HideSolutionNode = FALSE
	EndGlobalSection
EndGlobal
